
Microsoft Visual Studio Solution File, Format Version 12.00
# Visual Studio Version 17
VisualStudioVersion = 17.1.32228.430
MinimumVisualStudioVersion = 10.0.40219.1
Project("{9A19103F-16F7-4668-BE54-9A1E7A4F7556}") = "GUI_2022_23_01_AS4DD4.WPF", "GUI_2022_23_01_AS4DD4\GUI_2022_23_01_AS4DD4.WPF.csproj", "{9AB20A39-D020-4DC7-9536-29333AEAC233}"
EndProject
Project("{FAE04EC0-301F-11D3-BF4B-00C04F79EFBC}") = "GUI_2022_23_01_AS4DD4.Logic", "GUI_2022_23_01_AS4DD4.Logic\GUI_2022_23_01_AS4DD4.Logic.csproj", "{09AB6D93-468E-48B1-86FE-7A4ADAAAB040}"
EndProject
Project("{FAE04EC0-301F-11D3-BF4B-00C04F79EFBC}") = "GUI_2022_23_01_AS4DD4.Models", "GUI_2022_23_01_AS4DD4.Models\GUI_2022_23_01_AS4DD4.Models.csproj", "{DC19BDBF-933B-42DE-A8CD-36E81DDE2027}"
EndProject
Project("{FAE04EC0-301F-11D3-BF4B-00C04F79EFBC}") = "GUI_2022_23_01_AS4DD4.Repository", "GUI_2022_23_01_AS4DD4.Repository\GUI_2022_23_01_AS4DD4.Repository.csproj", "{FFEE3189-E0AC-4905-9550-13578DC17069}"
EndProject
Global
	GlobalSection(SolutionConfigurationPlatforms) = preSolution
		Debug|Any CPU = Debug|Any CPU
		Release|Any CPU = Release|Any CPU
	EndGlobalSection
	GlobalSection(ProjectConfigurationPlatforms) = postSolution
		{9AB20A39-D020-4DC7-9536-29333AEAC233}.Debug|Any CPU.ActiveCfg = Debug|Any CPU
		{9AB20A39-D020-4DC7-9536-29333AEAC233}.Debug|Any CPU.Build.0 = Debug|Any CPU
		{9AB20A39-D020-4DC7-9536-29333AEAC233}.Release|Any CPU.ActiveCfg = Release|Any CPU
		{9AB20A39-D020-4DC7-9536-29333AEAC233}.Release|Any CPU.Build.0 = Release|Any CPU
		{09AB6D93-468E-48B1-86FE-7A4ADAAAB040}.Debug|Any CPU.ActiveCfg = Debug|Any CPU
		{09AB6D93-468E-48B1-86FE-7A4ADAAAB040}.Debug|Any CPU.Build.0 = Debug|Any CPU
		{09AB6D93-468E-48B1-86FE-7A4ADAAAB040}.Release|Any CPU.ActiveCfg = Release|Any CPU
		{09AB6D93-468E-48B1-86FE-7A4ADAAAB040}.Release|Any CPU.Build.0 = Release|Any CPU
		{DC19BDBF-933B-42DE-A8CD-36E81DDE2027}.Debug|Any CPU.ActiveCfg = Debug|Any CPU
		{DC19BDBF-933B-42DE-A8CD-36E81DDE2027}.Debug|Any CPU.Build.0 = Debug|Any CPU
		{DC19BDBF-933B-42DE-A8CD-36E81DDE2027}.Release|Any CPU.ActiveCfg = Release|Any CPU
		{DC19BDBF-933B-42DE-A8CD-36E81DDE2027}.Release|Any CPU.Build.0 = Release|Any CPU
		{FFEE3189-E0AC-4905-9550-13578DC17069}.Debug|Any CPU.ActiveCfg = Debug|Any CPU
		{FFEE3189-E0AC-4905-9550-13578DC17069}.Debug|Any CPU.Build.0 = Debug|Any CPU
		{FFEE3189-E0AC-4905-9550-13578DC17069}.Release|Any CPU.ActiveCfg = Release|Any CPU
		{FFEE3189-E0AC-4905-9550-13578DC17069}.Release|Any CPU.Build.0 = Release|Any CPU
	EndGlobalSection
	GlobalSection(SolutionProperties) = preSolution
		HideSolutionNode = FALSE
	EndGlobalSection
	GlobalSection(ExtensibilityGlobals) = postSolution
		SolutionGuid = {1CBDB297-A989-4055-8DA4-482EA4313EC6}
	EndGlobalSection
EndGlobal
